
Microsoft Visual Studio Solution File, Format Version 12.00
# Visual Studio Version 17
VisualStudioVersion = 17.11.35327.3
MinimumVisualStudioVersion = 10.0.40219.1
Project("{9A19103F-16F7-4668-BE54-9A1E7A4F7556}") = "Lab13_7", "Lab13_7.csproj", "{B1500827-4BF8-4B3D-A014-73164D2B56D9}"
EndProject
Global
	GlobalSection(SolutionConfigurationPlatforms) = preSolution
		Debug|Any CPU = Debug|Any CPU
		Release|Any CPU = Release|Any CPU
	EndGlobalSection
	GlobalSection(ProjectConfigurationPlatforms) = postSolution
		{B1500827-4BF8-4B3D-A014-73164D2B56D9}.Debug|Any CPU.ActiveCfg = Debug|Any CPU
		{B1500827-4BF8-4B3D-A014-73164D2B56D9}.Debug|Any CPU.Build.0 = Debug|Any CPU
		{B1500827-4BF8-4B3D-A014-73164D2B56D9}.Release|Any CPU.ActiveCfg = Release|Any CPU
		{B1500827-4BF8-4B3D-A014-73164D2B56D9}.Release|Any CPU.Build.0 = Release|Any CPU
	EndGlobalSection
	GlobalSection(SolutionProperties) = preSolution
		HideSolutionNode = FALSE
	EndGlobalSection
	GlobalSection(ExtensibilityGlobals) = postSolution
		SolutionGuid = {B25A5B31-C2DB-429F-AA7B-B7F1EA34ECC8}
	EndGlobalSection
EndGlobal
