
Microsoft Visual Studio Solution File, Format Version 12.00
# Visual Studio Version 17
VisualStudioVersion = 17.11.35222.181
MinimumVisualStudioVersion = 10.0.40219.1
Project("{9A19103F-16F7-4668-BE54-9A1E7A4F7556}") = "quest2.1", "quest2.1.csproj", "{FF49A77D-C211-4CED-8A44-77C7051C77DA}"
EndProject
Project("{9A19103F-16F7-4668-BE54-9A1E7A4F7556}") = "quest2.2", "..\quest2.2\quest2.2.csproj", "{17006596-CFDB-47AA-9FF9-0738268BD1E8}"
EndProject
Project("{9A19103F-16F7-4668-BE54-9A1E7A4F7556}") = "quest2.3", "..\quest2.3\quest2.3.csproj", "{998C6D63-07ED-4EEE-AC0B-ED2784D5E36F}"
EndProject
Project("{9A19103F-16F7-4668-BE54-9A1E7A4F7556}") = "quest2.4", "..\quest2.4\quest2.4.csproj", "{E3517B73-B73E-4C74-B692-289272677E8C}"
EndProject
Project("{9A19103F-16F7-4668-BE54-9A1E7A4F7556}") = "quest2.5", "..\quest2.5\quest2.5.csproj", "{C156DE0F-CCB4-4B93-9A63-E19CD50C8DA4}"
EndProject
Project("{9A19103F-16F7-4668-BE54-9A1E7A4F7556}") = "quest3.1", "..\quest3.1\quest3.1.csproj", "{5AFDD07E-1F16-4F6A-B6D7-1220FF697AF0}"
EndProject
Project("{9A19103F-16F7-4668-BE54-9A1E7A4F7556}") = "quest3.2", "..\quest3.2\quest3.2.csproj", "{5FC82EA7-95D5-4389-B60C-E06C7A3EE05E}"
EndProject
Project("{9A19103F-16F7-4668-BE54-9A1E7A4F7556}") = "quest3.3", "..\quest3.3\quest3.3.csproj", "{8B4A7F1E-958E-4E93-BED4-0B9B484A880A}"
EndProject
Project("{9A19103F-16F7-4668-BE54-9A1E7A4F7556}") = "quest4.1", "..\quest4.1\quest4.1.csproj", "{DC4281AB-FC4E-4B2F-8FB7-6961B1689E04}"
EndProject
Project("{9A19103F-16F7-4668-BE54-9A1E7A4F7556}") = "quest4.2", "..\quest4.2\quest4.2.csproj", "{8CA90BFC-09BE-4455-83E0-F0D04BE5AFAA}"
EndProject
Project("{9A19103F-16F7-4668-BE54-9A1E7A4F7556}") = "quest4.3", "..\quest4.3\quest4.3.csproj", "{ABE61234-68D5-445B-BF48-8168EDB21A9A}"
EndProject
Project("{9A19103F-16F7-4668-BE54-9A1E7A4F7556}") = "quest5.1", "..\quest5.1\quest5.1.csproj", "{9701F1A8-A054-4E8D-96BA-4A633D1906BE}"
EndProject
Project("{9A19103F-16F7-4668-BE54-9A1E7A4F7556}") = "quest7.1", "..\quest7.1\quest7.1.csproj", "{0B96410B-C84E-4313-8E90-28B82BF1C5CB}"
EndProject
Project("{FAE04EC0-301F-11D3-BF4B-00C04F79EFBC}") = "quest7.2", "..\quest7.2\quest7.2.csproj", "{86401EDF-A0E0-484B-BED1-5F1DA1F218E1}"
EndProject
Project("{FAE04EC0-301F-11D3-BF4B-00C04F79EFBC}") = "quest7.2.2", "..\quest7.2.2\quest7.2.2.csproj", "{BCF6220E-6BAB-40E6-8478-A87DAE776B1B}"
EndProject
Project("{FAE04EC0-301F-11D3-BF4B-00C04F79EFBC}") = "quest7.2.3", "..\quest7.2.3\quest7.2.3.csproj", "{DAAE5760-587D-4324-AA50-F3CC9165559B}"
EndProject
Project("{FAE04EC0-301F-11D3-BF4B-00C04F79EFBC}") = "quest7.3", "..\quest7.3\quest7.3.csproj", "{FD1B86D0-952C-4727-B3AA-18C53D1C339F}"
EndProject
Global
	GlobalSection(SolutionConfigurationPlatforms) = preSolution
		Debug|Any CPU = Debug|Any CPU
		Release|Any CPU = Release|Any CPU
	EndGlobalSection
	GlobalSection(ProjectConfigurationPlatforms) = postSolution
		{FF49A77D-C211-4CED-8A44-77C7051C77DA}.Debug|Any CPU.ActiveCfg = Debug|Any CPU
		{FF49A77D-C211-4CED-8A44-77C7051C77DA}.Debug|Any CPU.Build.0 = Debug|Any CPU
		{FF49A77D-C211-4CED-8A44-77C7051C77DA}.Release|Any CPU.ActiveCfg = Release|Any CPU
		{FF49A77D-C211-4CED-8A44-77C7051C77DA}.Release|Any CPU.Build.0 = Release|Any CPU
		{17006596-CFDB-47AA-9FF9-0738268BD1E8}.Debug|Any CPU.ActiveCfg = Debug|Any CPU
		{17006596-CFDB-47AA-9FF9-0738268BD1E8}.Debug|Any CPU.Build.0 = Debug|Any CPU
		{17006596-CFDB-47AA-9FF9-0738268BD1E8}.Release|Any CPU.ActiveCfg = Release|Any CPU
		{17006596-CFDB-47AA-9FF9-0738268BD1E8}.Release|Any CPU.Build.0 = Release|Any CPU
		{998C6D63-07ED-4EEE-AC0B-ED2784D5E36F}.Debug|Any CPU.ActiveCfg = Debug|Any CPU
		{998C6D63-07ED-4EEE-AC0B-ED2784D5E36F}.Debug|Any CPU.Build.0 = Debug|Any CPU
		{998C6D63-07ED-4EEE-AC0B-ED2784D5E36F}.Release|Any CPU.ActiveCfg = Release|Any CPU
		{998C6D63-07ED-4EEE-AC0B-ED2784D5E36F}.Release|Any CPU.Build.0 = Release|Any CPU
		{E3517B73-B73E-4C74-B692-289272677E8C}.Debug|Any CPU.ActiveCfg = Debug|Any CPU
		{E3517B73-B73E-4C74-B692-289272677E8C}.Debug|Any CPU.Build.0 = Debug|Any CPU
		{E3517B73-B73E-4C74-B692-289272677E8C}.Release|Any CPU.ActiveCfg = Release|Any CPU
		{E3517B73-B73E-4C74-B692-289272677E8C}.Release|Any CPU.Build.0 = Release|Any CPU
		{C156DE0F-CCB4-4B93-9A63-E19CD50C8DA4}.Debug|Any CPU.ActiveCfg = Debug|Any CPU
		{C156DE0F-CCB4-4B93-9A63-E19CD50C8DA4}.Debug|Any CPU.Build.0 = Debug|Any CPU
		{C156DE0F-CCB4-4B93-9A63-E19CD50C8DA4}.Release|Any CPU.ActiveCfg = Release|Any CPU
		{C156DE0F-CCB4-4B93-9A63-E19CD50C8DA4}.Release|Any CPU.Build.0 = Release|Any CPU
		{5AFDD07E-1F16-4F6A-B6D7-1220FF697AF0}.Debug|Any CPU.ActiveCfg = Debug|Any CPU
		{5AFDD07E-1F16-4F6A-B6D7-1220FF697AF0}.Debug|Any CPU.Build.0 = Debug|Any CPU
		{5AFDD07E-1F16-4F6A-B6D7-1220FF697AF0}.Release|Any CPU.ActiveCfg = Release|Any CPU
		{5AFDD07E-1F16-4F6A-B6D7-1220FF697AF0}.Release|Any CPU.Build.0 = Release|Any CPU
		{5FC82EA7-95D5-4389-B60C-E06C7A3EE05E}.Debug|Any CPU.ActiveCfg = Debug|Any CPU
		{5FC82EA7-95D5-4389-B60C-E06C7A3EE05E}.Debug|Any CPU.Build.0 = Debug|Any CPU
		{5FC82EA7-95D5-4389-B60C-E06C7A3EE05E}.Release|Any CPU.ActiveCfg = Release|Any CPU
		{5FC82EA7-95D5-4389-B60C-E06C7A3EE05E}.Release|Any CPU.Build.0 = Release|Any CPU
		{8B4A7F1E-958E-4E93-BED4-0B9B484A880A}.Debug|Any CPU.ActiveCfg = Debug|Any CPU
		{8B4A7F1E-958E-4E93-BED4-0B9B484A880A}.Debug|Any CPU.Build.0 = Debug|Any CPU
		{8B4A7F1E-958E-4E93-BED4-0B9B484A880A}.Release|Any CPU.ActiveCfg = Release|Any CPU
		{8B4A7F1E-958E-4E93-BED4-0B9B484A880A}.Release|Any CPU.Build.0 = Release|Any CPU
		{DC4281AB-FC4E-4B2F-8FB7-6961B1689E04}.Debug|Any CPU.ActiveCfg = Debug|Any CPU
		{DC4281AB-FC4E-4B2F-8FB7-6961B1689E04}.Debug|Any CPU.Build.0 = Debug|Any CPU
		{DC4281AB-FC4E-4B2F-8FB7-6961B1689E04}.Release|Any CPU.ActiveCfg = Release|Any CPU
		{DC4281AB-FC4E-4B2F-8FB7-6961B1689E04}.Release|Any CPU.Build.0 = Release|Any CPU
		{8CA90BFC-09BE-4455-83E0-F0D04BE5AFAA}.Debug|Any CPU.ActiveCfg = Debug|Any CPU
		{8CA90BFC-09BE-4455-83E0-F0D04BE5AFAA}.Debug|Any CPU.Build.0 = Debug|Any CPU
		{8CA90BFC-09BE-4455-83E0-F0D04BE5AFAA}.Release|Any CPU.ActiveCfg = Release|Any CPU
		{8CA90BFC-09BE-4455-83E0-F0D04BE5AFAA}.Release|Any CPU.Build.0 = Release|Any CPU
		{ABE61234-68D5-445B-BF48-8168EDB21A9A}.Debug|Any CPU.ActiveCfg = Debug|Any CPU
		{ABE61234-68D5-445B-BF48-8168EDB21A9A}.Debug|Any CPU.Build.0 = Debug|Any CPU
		{ABE61234-68D5-445B-BF48-8168EDB21A9A}.Release|Any CPU.ActiveCfg = Release|Any CPU
		{ABE61234-68D5-445B-BF48-8168EDB21A9A}.Release|Any CPU.Build.0 = Release|Any CPU
		{9701F1A8-A054-4E8D-96BA-4A633D1906BE}.Debug|Any CPU.ActiveCfg = Debug|Any CPU
		{9701F1A8-A054-4E8D-96BA-4A633D1906BE}.Debug|Any CPU.Build.0 = Debug|Any CPU
		{9701F1A8-A054-4E8D-96BA-4A633D1906BE}.Release|Any CPU.ActiveCfg = Release|Any CPU
		{9701F1A8-A054-4E8D-96BA-4A633D1906BE}.Release|Any CPU.Build.0 = Release|Any CPU
		{0B96410B-C84E-4313-8E90-28B82BF1C5CB}.Debug|Any CPU.ActiveCfg = Debug|Any CPU
		{0B96410B-C84E-4313-8E90-28B82BF1C5CB}.Debug|Any CPU.Build.0 = Debug|Any CPU
		{0B96410B-C84E-4313-8E90-28B82BF1C5CB}.Release|Any CPU.ActiveCfg = Release|Any CPU
		{0B96410B-C84E-4313-8E90-28B82BF1C5CB}.Release|Any CPU.Build.0 = Release|Any CPU
		{86401EDF-A0E0-484B-BED1-5F1DA1F218E1}.Debug|Any CPU.ActiveCfg = Debug|Any CPU
		{86401EDF-A0E0-484B-BED1-5F1DA1F218E1}.Debug|Any CPU.Build.0 = Debug|Any CPU
		{86401EDF-A0E0-484B-BED1-5F1DA1F218E1}.Release|Any CPU.ActiveCfg = Release|Any CPU
		{86401EDF-A0E0-484B-BED1-5F1DA1F218E1}.Release|Any CPU.Build.0 = Release|Any CPU
		{BCF6220E-6BAB-40E6-8478-A87DAE776B1B}.Debug|Any CPU.ActiveCfg = Debug|Any CPU
		{BCF6220E-6BAB-40E6-8478-A87DAE776B1B}.Debug|Any CPU.Build.0 = Debug|Any CPU
		{BCF6220E-6BAB-40E6-8478-A87DAE776B1B}.Release|Any CPU.ActiveCfg = Release|Any CPU
		{BCF6220E-6BAB-40E6-8478-A87DAE776B1B}.Release|Any CPU.Build.0 = Release|Any CPU
		{DAAE5760-587D-4324-AA50-F3CC9165559B}.Debug|Any CPU.ActiveCfg = Debug|Any CPU
		{DAAE5760-587D-4324-AA50-F3CC9165559B}.Debug|Any CPU.Build.0 = Debug|Any CPU
		{DAAE5760-587D-4324-AA50-F3CC9165559B}.Release|Any CPU.ActiveCfg = Release|Any CPU
		{DAAE5760-587D-4324-AA50-F3CC9165559B}.Release|Any CPU.Build.0 = Release|Any CPU
		{FD1B86D0-952C-4727-B3AA-18C53D1C339F}.Debug|Any CPU.ActiveCfg = Debug|Any CPU
		{FD1B86D0-952C-4727-B3AA-18C53D1C339F}.Debug|Any CPU.Build.0 = Debug|Any CPU
		{FD1B86D0-952C-4727-B3AA-18C53D1C339F}.Release|Any CPU.ActiveCfg = Release|Any CPU
		{FD1B86D0-952C-4727-B3AA-18C53D1C339F}.Release|Any CPU.Build.0 = Release|Any CPU
	EndGlobalSection
	GlobalSection(SolutionProperties) = preSolution
		HideSolutionNode = FALSE
	EndGlobalSection
	GlobalSection(ExtensibilityGlobals) = postSolution
		SolutionGuid = {79E95BA6-CA18-4BBB-A8AD-3A9E80759F52}
	EndGlobalSection
EndGlobal
