
Microsoft Visual Studio Solution File, Format Version 12.00
# Visual Studio Version 17
VisualStudioVersion = 17.11.35327.3
MinimumVisualStudioVersion = 10.0.40219.1
Project("{9A19103F-16F7-4668-BE54-9A1E7A4F7556}") = "Lab13_10", "Lab13_10.csproj", "{2A57260E-79CB-4178-B5CD-1B927872D1F7}"
EndProject
Global
	GlobalSection(SolutionConfigurationPlatforms) = preSolution
		Debug|Any CPU = Debug|Any CPU
		Release|Any CPU = Release|Any CPU
	EndGlobalSection
	GlobalSection(ProjectConfigurationPlatforms) = postSolution
		{2A57260E-79CB-4178-B5CD-1B927872D1F7}.Debug|Any CPU.ActiveCfg = Debug|Any CPU
		{2A57260E-79CB-4178-B5CD-1B927872D1F7}.Debug|Any CPU.Build.0 = Debug|Any CPU
		{2A57260E-79CB-4178-B5CD-1B927872D1F7}.Release|Any CPU.ActiveCfg = Release|Any CPU
		{2A57260E-79CB-4178-B5CD-1B927872D1F7}.Release|Any CPU.Build.0 = Release|Any CPU
	EndGlobalSection
	GlobalSection(SolutionProperties) = preSolution
		HideSolutionNode = FALSE
	EndGlobalSection
	GlobalSection(ExtensibilityGlobals) = postSolution
		SolutionGuid = {D58C2CCB-D885-49FC-B69C-4C11E3A44627}
	EndGlobalSection
EndGlobal
