
Microsoft Visual Studio Solution File, Format Version 12.00
# Visual Studio Version 17
VisualStudioVersion = 17.11.35327.3
MinimumVisualStudioVersion = 10.0.40219.1
Project("{9A19103F-16F7-4668-BE54-9A1E7A4F7556}") = "Lab13_5", "Lab13_5.csproj", "{F3684296-0C75-4D3B-8011-D248D8648038}"
EndProject
Global
	GlobalSection(SolutionConfigurationPlatforms) = preSolution
		Debug|Any CPU = Debug|Any CPU
		Release|Any CPU = Release|Any CPU
	EndGlobalSection
	GlobalSection(ProjectConfigurationPlatforms) = postSolution
		{F3684296-0C75-4D3B-8011-D248D8648038}.Debug|Any CPU.ActiveCfg = Debug|Any CPU
		{F3684296-0C75-4D3B-8011-D248D8648038}.Debug|Any CPU.Build.0 = Debug|Any CPU
		{F3684296-0C75-4D3B-8011-D248D8648038}.Release|Any CPU.ActiveCfg = Release|Any CPU
		{F3684296-0C75-4D3B-8011-D248D8648038}.Release|Any CPU.Build.0 = Release|Any CPU
	EndGlobalSection
	GlobalSection(SolutionProperties) = preSolution
		HideSolutionNode = FALSE
	EndGlobalSection
	GlobalSection(ExtensibilityGlobals) = postSolution
		SolutionGuid = {F8E795D8-9003-437C-99EB-15F82108C4DE}
	EndGlobalSection
EndGlobal
